
Microsoft Visual Studio Solution File, Format Version 12.00
# Visual Studio Version 17
VisualStudioVersion = 17.0.31903.59
MinimumVisualStudioVersion = 10.0.40219.1


Project("{FAE04EC0-301F-11D3-BF4B-00C04F79EFBC}") = "Catalog", "ecommerceapi\Modules\Catalog\Catalog.csproj", "{B8D2135A-242F-4248-8122-83E168240E4D}"
EndProject
Project("{FAE04EC0-301F-11D3-BF4B-00C04F79EFBC}") = "Basket", "ecommerceapi\Modules\Basket\Basket.csproj", "{FA745BDE-EEB7-4EF2-BFAA-B1620E0ABAD0}"
EndProject
Project("{FAE04EC0-301F-11D3-BF4B-00C04F79EFBC}") = "Shared", "ecommerceapi\Shared\Shared.csproj", "{A23F5188-5FA3-42A9-A77D-D612DB658C39}"
EndProject
Project("{FAE04EC0-301F-11D3-BF4B-00C04F79EFBC}") = "Ordering", "ecommerceapi\Modules\Ordering\Ordering.csproj", "{5C6198FC-4152-4818-A56D-1E6526CE73E7}"
EndProject
Project("{FAE04EC0-301F-11D3-BF4B-00C04F79EFBC}") = "Api", "ecommerceapi\Api\Api.csproj", "{E67069B1-9A64-4CDA-B8B6-E83A302F8462}"
EndProject

Global
	GlobalSection(SolutionConfigurationPlatforms) = preSolution
		Debug|Any CPU = Debug|Any CPU
		Debug|x64 = Debug|x64
		Debug|x86 = Debug|x86
		Release|Any CPU = Release|Any CPU
		Release|x64 = Release|x64
		Release|x86 = Release|x86
	EndGlobalSection
	GlobalSection(ProjectConfigurationPlatforms) = postSolution
		{B8D2135A-242F-4248-8122-83E168240E4D}.Debug|Any CPU.ActiveCfg = Debug|Any CPU
		{B8D2135A-242F-4248-8122-83E168240E4D}.Debug|Any CPU.Build.0 = Debug|Any CPU
		{B8D2135A-242F-4248-8122-83E168240E4D}.Debug|x64.ActiveCfg = Debug|Any CPU
		{B8D2135A-242F-4248-8122-83E168240E4D}.Debug|x64.Build.0 = Debug|Any CPU
		{B8D2135A-242F-4248-8122-83E168240E4D}.Debug|x86.ActiveCfg = Debug|Any CPU
		{B8D2135A-242F-4248-8122-83E168240E4D}.Debug|x86.Build.0 = Debug|Any CPU
		{B8D2135A-242F-4248-8122-83E168240E4D}.Release|Any CPU.ActiveCfg = Release|Any CPU
		{B8D2135A-242F-4248-8122-83E168240E4D}.Release|Any CPU.Build.0 = Release|Any CPU
		{B8D2135A-242F-4248-8122-83E168240E4D}.Release|x64.ActiveCfg = Release|Any CPU
		{B8D2135A-242F-4248-8122-83E168240E4D}.Release|x64.Build.0 = Release|Any CPU
		{B8D2135A-242F-4248-8122-83E168240E4D}.Release|x86.ActiveCfg = Release|Any CPU
		{B8D2135A-242F-4248-8122-83E168240E4D}.Release|x86.Build.0 = Release|Any CPU
		{FA745BDE-EEB7-4EF2-BFAA-B1620E0ABAD0}.Debug|Any CPU.ActiveCfg = Debug|Any CPU
		{FA745BDE-EEB7-4EF2-BFAA-B1620E0ABAD0}.Debug|Any CPU.Build.0 = Debug|Any CPU
		{FA745BDE-EEB7-4EF2-BFAA-B1620E0ABAD0}.Debug|x64.ActiveCfg = Debug|Any CPU
		{FA745BDE-EEB7-4EF2-BFAA-B1620E0ABAD0}.Debug|x64.Build.0 = Debug|Any CPU
		{FA745BDE-EEB7-4EF2-BFAA-B1620E0ABAD0}.Debug|x86.ActiveCfg = Debug|Any CPU
		{FA745BDE-EEB7-4EF2-BFAA-B1620E0ABAD0}.Debug|x86.Build.0 = Debug|Any CPU
		{FA745BDE-EEB7-4EF2-BFAA-B1620E0ABAD0}.Release|Any CPU.ActiveCfg = Release|Any CPU
		{FA745BDE-EEB7-4EF2-BFAA-B1620E0ABAD0}.Release|Any CPU.Build.0 = Release|Any CPU
		{FA745BDE-EEB7-4EF2-BFAA-B1620E0ABAD0}.Release|x64.ActiveCfg = Release|Any CPU
		{FA745BDE-EEB7-4EF2-BFAA-B1620E0ABAD0}.Release|x64.Build.0 = Release|Any CPU
		{FA745BDE-EEB7-4EF2-BFAA-B1620E0ABAD0}.Release|x86.ActiveCfg = Release|Any CPU
		{FA745BDE-EEB7-4EF2-BFAA-B1620E0ABAD0}.Release|x86.Build.0 = Release|Any CPU
		{A23F5188-5FA3-42A9-A77D-D612DB658C39}.Debug|Any CPU.ActiveCfg = Debug|Any CPU
		{A23F5188-5FA3-42A9-A77D-D612DB658C39}.Debug|Any CPU.Build.0 = Debug|Any CPU
		{A23F5188-5FA3-42A9-A77D-D612DB658C39}.Debug|x64.ActiveCfg = Debug|Any CPU
		{A23F5188-5FA3-42A9-A77D-D612DB658C39}.Debug|x64.Build.0 = Debug|Any CPU
		{A23F5188-5FA3-42A9-A77D-D612DB658C39}.Debug|x86.ActiveCfg = Debug|Any CPU
		{A23F5188-5FA3-42A9-A77D-D612DB658C39}.Debug|x86.Build.0 = Debug|Any CPU
		{A23F5188-5FA3-42A9-A77D-D612DB658C39}.Release|Any CPU.ActiveCfg = Release|Any CPU
		{A23F5188-5FA3-42A9-A77D-D612DB658C39}.Release|Any CPU.Build.0 = Release|Any CPU
		{A23F5188-5FA3-42A9-A77D-D612DB658C39}.Release|x64.ActiveCfg = Release|Any CPU
		{A23F5188-5FA3-42A9-A77D-D612DB658C39}.Release|x64.Build.0 = Release|Any CPU
		{A23F5188-5FA3-42A9-A77D-D612DB658C39}.Release|x86.ActiveCfg = Release|Any CPU
		{A23F5188-5FA3-42A9-A77D-D612DB658C39}.Release|x86.Build.0 = Release|Any CPU
		{5C6198FC-4152-4818-A56D-1E6526CE73E7}.Debug|Any CPU.ActiveCfg = Debug|Any CPU
		{5C6198FC-4152-4818-A56D-1E6526CE73E7}.Debug|Any CPU.Build.0 = Debug|Any CPU
		{5C6198FC-4152-4818-A56D-1E6526CE73E7}.Debug|x64.ActiveCfg = Debug|Any CPU
		{5C6198FC-4152-4818-A56D-1E6526CE73E7}.Debug|x64.Build.0 = Debug|Any CPU
		{5C6198FC-4152-4818-A56D-1E6526CE73E7}.Debug|x86.ActiveCfg = Debug|Any CPU
		{5C6198FC-4152-4818-A56D-1E6526CE73E7}.Debug|x86.Build.0 = Debug|Any CPU
		{5C6198FC-4152-4818-A56D-1E6526CE73E7}.Release|Any CPU.ActiveCfg = Release|Any CPU
		{5C6198FC-4152-4818-A56D-1E6526CE73E7}.Release|Any CPU.Build.0 = Release|Any CPU
		{5C6198FC-4152-4818-A56D-1E6526CE73E7}.Release|x64.ActiveCfg = Release|Any CPU
		{5C6198FC-4152-4818-A56D-1E6526CE73E7}.Release|x64.Build.0 = Release|Any CPU
		{5C6198FC-4152-4818-A56D-1E6526CE73E7}.Release|x86.ActiveCfg = Release|Any CPU
		{5C6198FC-4152-4818-A56D-1E6526CE73E7}.Release|x86.Build.0 = Release|Any CPU
		{E67069B1-9A64-4CDA-B8B6-E83A302F8462}.Debug|Any CPU.ActiveCfg = Debug|Any CPU
		{E67069B1-9A64-4CDA-B8B6-E83A302F8462}.Debug|Any CPU.Build.0 = Debug|Any CPU
		{E67069B1-9A64-4CDA-B8B6-E83A302F8462}.Debug|x64.ActiveCfg = Debug|Any CPU
		{E67069B1-9A64-4CDA-B8B6-E83A302F8462}.Debug|x64.Build.0 = Debug|Any CPU
		{E67069B1-9A64-4CDA-B8B6-E83A302F8462}.Debug|x86.ActiveCfg = Debug|Any CPU
		{E67069B1-9A64-4CDA-B8B6-E83A302F8462}.Debug|x86.Build.0 = Debug|Any CPU
		{E67069B1-9A64-4CDA-B8B6-E83A302F8462}.Release|Any CPU.ActiveCfg = Release|Any CPU
		{E67069B1-9A64-4CDA-B8B6-E83A302F8462}.Release|Any CPU.Build.0 = Release|Any CPU
		{E67069B1-9A64-4CDA-B8B6-E83A302F8462}.Release|x64.ActiveCfg = Release|Any CPU
		{E67069B1-9A64-4CDA-B8B6-E83A302F8462}.Release|x64.Build.0 = Release|Any CPU
		{E67069B1-9A64-4CDA-B8B6-E83A302F8462}.Release|x86.ActiveCfg = Release|Any CPU
		{E67069B1-9A64-4CDA-B8B6-E83A302F8462}.Release|x86.Build.0 = Release|Any CPU
	EndGlobalSection
	GlobalSection(SolutionProperties) = preSolution
		HideSolutionNode = FALSE
	EndGlobalSection

EndGlobal
